// !$*UTF8*$!
{
	archiveVersion = 1;
	classes = {
	};
	objectVersion = 46;
	objects = {

/* Begin PBXBuildFile section */
		F416DDDF1C608222009A23ED /* CoreDataStack.swift in Sources */ = {isa = PBXBuildFile; fileRef = F416DDDE1C608222009A23ED /* CoreDataStack.swift */; };
		F416DDE21C60866F009A23ED /* myMemes.xcdatamodeld in Sources */ = {isa = PBXBuildFile; fileRef = F416DDE01C60866F009A23ED /* myMemes.xcdatamodeld */; };
		F416DDE41C6088E7009A23ED /* Meme+CoreDataProperties.swift in Sources */ = {isa = PBXBuildFile; fileRef = F416DDE31C6088E7009A23ED /* Meme+CoreDataProperties.swift */; };
		F416DDE61C608968009A23ED /* Meme.swift in Sources */ = {isa = PBXBuildFile; fileRef = F416DDE51C608968009A23ED /* Meme.swift */; };
		F416DDEA1C610356009A23ED /* MemeTableViewController.swift in Sources */ = {isa = PBXBuildFile; fileRef = F416DDE91C610356009A23ED /* MemeTableViewController.swift */; };
		F416DDEC1C61037D009A23ED /* MemeCollectionViewController.swift in Sources */ = {isa = PBXBuildFile; fileRef = F416DDEB1C61037D009A23ED /* MemeCollectionViewController.swift */; };
		F42DCA5E1C61432400E3A218 /* MemeTableViewCell.swift in Sources */ = {isa = PBXBuildFile; fileRef = F42DCA5D1C61432400E3A218 /* MemeTableViewCell.swift */; };
		F4361D411C5E9D7100A7CC26 /* AppDelegate.swift in Sources */ = {isa = PBXBuildFile; fileRef = F4361D401C5E9D7100A7CC26 /* AppDelegate.swift */; };
		F4361D431C5E9D7100A7CC26 /* MemeEditorViewController.swift in Sources */ = {isa = PBXBuildFile; fileRef = F4361D421C5E9D7100A7CC26 /* MemeEditorViewController.swift */; };
		F4361D461C5E9D7100A7CC26 /* Main.storyboard in Resources */ = {isa = PBXBuildFile; fileRef = F4361D441C5E9D7100A7CC26 /* Main.storyboard */; };
		F4361D481C5E9D7100A7CC26 /* Assets.xcassets in Resources */ = {isa = PBXBuildFile; fileRef = F4361D471C5E9D7100A7CC26 /* Assets.xcassets */; };
		F4361D4B1C5E9D7100A7CC26 /* LaunchScreen.storyboard in Resources */ = {isa = PBXBuildFile; fileRef = F4361D491C5E9D7100A7CC26 /* LaunchScreen.storyboard */; };
/* End PBXBuildFile section */

/* Begin PBXFileReference section */
		F416DDDE1C608222009A23ED /* CoreDataStack.swift */ = {isa = PBXFileReference; fileEncoding = 4; lastKnownFileType = sourcecode.swift; path = CoreDataStack.swift; sourceTree = "<group>"; };
		F416DDE11C60866F009A23ED /* myMemes.xcdatamodel */ = {isa = PBXFileReference; lastKnownFileType = wrapper.xcdatamodel; path = myMemes.xcdatamodel; sourceTree = "<group>"; };
		F416DDE31C6088E7009A23ED /* Meme+CoreDataProperties.swift */ = {isa = PBXFileReference; fileEncoding = 4; lastKnownFileType = sourcecode.swift; path = "Meme+CoreDataProperties.swift"; sourceTree = "<group>"; };
		F416DDE51C608968009A23ED /* Meme.swift */ = {isa = PBXFileReference; fileEncoding = 4; lastKnownFileType = sourcecode.swift; path = Meme.swift; sourceTree = "<group>"; };
		F416DDE91C610356009A23ED /* MemeTableViewController.swift */ = {isa = PBXFileReference; fileEncoding = 4; lastKnownFileType = sourcecode.swift; path = MemeTableViewController.swift; sourceTree = "<group>"; };
		F416DDEB1C61037D009A23ED /* MemeCollectionViewController.swift */ = {isa = PBXFileReference; fileEncoding = 4; lastKnownFileType = sourcecode.swift; path = MemeCollectionViewController.swift; sourceTree = "<group>"; };
		F42DCA5D1C61432400E3A218 /* MemeTableViewCell.swift */ = {isa = PBXFileReference; fileEncoding = 4; lastKnownFileType = sourcecode.swift; path = MemeTableViewCell.swift; sourceTree = "<group>"; };
		F4361D3D1C5E9D7100A7CC26 /* MemeMe.app */ = {isa = PBXFileReference; explicitFileType = wrapper.application; includeInIndex = 0; path = MemeMe.app; sourceTree = BUILT_PRODUCTS_DIR; };
		F4361D401C5E9D7100A7CC26 /* AppDelegate.swift */ = {isa = PBXFileReference; lastKnownFileType = sourcecode.swift; path = AppDelegate.swift; sourceTree = "<group>"; };
		F4361D421C5E9D7100A7CC26 /* MemeEditorViewController.swift */ = {isa = PBXFileReference; lastKnownFileType = sourcecode.swift; path = MemeEditorViewController.swift; sourceTree = "<group>"; };
		F4361D451C5E9D7100A7CC26 /* Base */ = {isa = PBXFileReference; lastKnownFileType = file.storyboard; name = Base; path = Base.lproj/Main.storyboard; sourceTree = "<group>"; };
		F4361D471C5E9D7100A7CC26 /* Assets.xcassets */ = {isa = PBXFileReference; lastKnownFileType = folder.assetcatalog; path = Assets.xcassets; sourceTree = "<group>"; };
		F4361D4A1C5E9D7100A7CC26 /* Base */ = {isa = PBXFileReference; lastKnownFileType = file.storyboard; name = Base; path = Base.lproj/LaunchScreen.storyboard; sourceTree = "<group>"; };
		F4361D4C1C5E9D7100A7CC26 /* Info.plist */ = {isa = PBXFileReference; lastKnownFileType = text.plist.xml; path = Info.plist; sourceTree = "<group>"; };
/* End PBXFileReference section */

/* Begin PBXFrameworksBuildPhase section */
		F4361D3A1C5E9D7100A7CC26 /* Frameworks */ = {
			isa = PBXFrameworksBuildPhase;
			buildActionMask = 2147483647;
			files = (
			);
			runOnlyForDeploymentPostprocessing = 0;
		};
/* End PBXFrameworksBuildPhase section */

/* Begin PBXGroup section */
		F416DDE71C61029C009A23ED /* Model */ = {
			isa = PBXGroup;
			children = (
				F416DDDE1C608222009A23ED /* CoreDataStack.swift */,
				F416DDE01C60866F009A23ED /* myMemes.xcdatamodeld */,
				F416DDE51C608968009A23ED /* Meme.swift */,
				F416DDE31C6088E7009A23ED /* Meme+CoreDataProperties.swift */,
			);
			name = Model;
			sourceTree = "<group>";
		};
		F416DDE81C6102C9009A23ED /* Controller */ = {
			isa = PBXGroup;
			children = (
				F4361D421C5E9D7100A7CC26 /* MemeEditorViewController.swift */,
				F416DDE91C610356009A23ED /* MemeTableViewController.swift */,
				F416DDEB1C61037D009A23ED /* MemeCollectionViewController.swift */,
			);
			name = Controller;
			sourceTree = "<group>";
		};
		F42DCA5F1C61432900E3A218 /* View */ = {
			isa = PBXGroup;
			children = (
				F42DCA5D1C61432400E3A218 /* MemeTableViewCell.swift */,
			);
			name = View;
			sourceTree = "<group>";
		};
		F4361D341C5E9D7100A7CC26 = {
			isa = PBXGroup;
			children = (
				F4361D3F1C5E9D7100A7CC26 /* MemeMe */,
				F4361D3E1C5E9D7100A7CC26 /* Products */,
			);
			sourceTree = "<group>";
		};
		F4361D3E1C5E9D7100A7CC26 /* Products */ = {
			isa = PBXGroup;
			children = (
				F4361D3D1C5E9D7100A7CC26 /* MemeMe.app */,
			);
			name = Products;
			sourceTree = "<group>";
		};
		F4361D3F1C5E9D7100A7CC26 /* MemeMe */ = {
			isa = PBXGroup;
			children = (
				F42DCA5F1C61432900E3A218 /* View */,
				F416DDE81C6102C9009A23ED /* Controller */,
				F416DDE71C61029C009A23ED /* Model */,
				F4361D401C5E9D7100A7CC26 /* AppDelegate.swift */,
				F4361D441C5E9D7100A7CC26 /* Main.storyboard */,
				F4361D471C5E9D7100A7CC26 /* Assets.xcassets */,
				F4361D491C5E9D7100A7CC26 /* LaunchScreen.storyboard */,
				F4361D4C1C5E9D7100A7CC26 /* Info.plist */,
			);
			path = MemeMe;
			sourceTree = "<group>";
		};
/* End PBXGroup section */

/* Begin PBXNativeTarget section */
		F4361D3C1C5E9D7100A7CC26 /* MemeMe */ = {
			isa = PBXNativeTarget;
			buildConfigurationList = F4361D4F1C5E9D7100A7CC26 /* Build configuration list for PBXNativeTarget "MemeMe" */;
			buildPhases = (
				F4361D391C5E9D7100A7CC26 /* Sources */,
				F4361D3A1C5E9D7100A7CC26 /* Frameworks */,
				F4361D3B1C5E9D7100A7CC26 /* Resources */,
			);
			buildRules = (
			);
			dependencies = (
			);
			name = MemeMe;
			productName = MemeMe;
			productReference = F4361D3D1C5E9D7100A7CC26 /* MemeMe.app */;
			productType = "com.apple.product-type.application";
		};
/* End PBXNativeTarget section */

/* Begin PBXProject section */
		F4361D351C5E9D7100A7CC26 /* Project object */ = {
			isa = PBXProject;
			attributes = {
				LastSwiftUpdateCheck = 0720;
				LastUpgradeCheck = 0720;
				ORGANIZATIONNAME = "Marquis Dennis";
				TargetAttributes = {
					F4361D3C1C5E9D7100A7CC26 = {
						CreatedOnToolsVersion = 7.2;
					};
				};
			};
			buildConfigurationList = F4361D381C5E9D7100A7CC26 /* Build configuration list for PBXProject "MemeMe" */;
			compatibilityVersion = "Xcode 3.2";
			developmentRegion = English;
			hasScannedForEncodings = 0;
			knownRegions = (
				en,
				Base,
			);
			mainGroup = F4361D341C5E9D7100A7CC26;
			productRefGroup = F4361D3E1C5E9D7100A7CC26 /* Products */;
			projectDirPath = "";
			projectRoot = "";
			targets = (
				F4361D3C1C5E9D7100A7CC26 /* MemeMe */,
			);
		};
/* End PBXProject section */

/* Begin PBXResourcesBuildPhase section */
		F4361D3B1C5E9D7100A7CC26 /* Resources */ = {
			isa = PBXResourcesBuildPhase;
			buildActionMask = 2147483647;
			files = (
				F4361D4B1C5E9D7100A7CC26 /* LaunchScreen.storyboard in Resources */,
				F4361D481C5E9D7100A7CC26 /* Assets.xcassets in Resources */,
				F4361D461C5E9D7100A7CC26 /* Main.storyboard in Resources */,
			);
			runOnlyForDeploymentPostprocessing = 0;
		};
/* End PBXResourcesBuildPhase section */

/* Begin PBXSourcesBuildPhase section */
		F4361D391C5E9D7100A7CC26 /* Sources */ = {
			isa = PBXSourcesBuildPhase;
			buildActionMask = 2147483647;
			files = (
				F416DDE41C6088E7009A23ED /* Meme+CoreDataProperties.swift in Sources */,
				F416DDEA1C610356009A23ED /* MemeTableViewController.swift in Sources */,
				F4361D431C5E9D7100A7CC26 /* MemeEditorViewController.swift in Sources */,
				F4361D411C5E9D7100A7CC26 /* AppDelegate.swift in Sources */,
				F416DDEC1C61037D009A23ED /* MemeCollectionViewController.swift in Sources */,
				F416DDE61C608968009A23ED /* Meme.swift in Sources */,
				F42DCA5E1C61432400E3A218 /* MemeTableViewCell.swift in Sources */,
				F416DDE21C60866F009A23ED /* myMemes.xcdatamodeld in Sources */,
				F416DDDF1C608222009A23ED /* CoreDataStack.swift in Sources */,
			);
			runOnlyForDeploymentPostprocessing = 0;
		};
/* End PBXSourcesBuildPhase section */

/* Begin PBXVariantGroup section */
		F4361D441C5E9D7100A7CC26 /* Main.storyboard */ = {
			isa = PBXVariantGroup;
			children = (
				F4361D451C5E9D7100A7CC26 /* Base */,
			);
			name = Main.storyboard;
			sourceTree = "<group>";
		};
		F4361D491C5E9D7100A7CC26 /* LaunchScreen.storyboard */ = {
			isa = PBXVariantGroup;
			children = (
				F4361D4A1C5E9D7100A7CC26 /* Base */,
			);
			name = LaunchScreen.storyboard;
			sourceTree = "<group>";
		};
/* End PBXVariantGroup section */

/* Begin XCBuildConfiguration section */
		F4361D4D1C5E9D7100A7CC26 /* Debug */ = {
			isa = XCBuildConfiguration;
			buildSettings = {
				ALWAYS_SEARCH_USER_PATHS = NO;
				CLANG_CXX_LANGUAGE_STANDARD = "gnu++0x";
				CLANG_CXX_LIBRARY = "libc++";
				CLANG_ENABLE_MODULES = YES;
				CLANG_ENABLE_OBJC_ARC = YES;
				CLANG_WARN_BOOL_CONVERSION = YES;
				CLANG_WARN_CONSTANT_CONVERSION = YES;
				CLANG_WARN_DIRECT_OBJC_ISA_USAGE = YES_ERROR;
				CLANG_WARN_EMPTY_BODY = YES;
				CLANG_WARN_ENUM_CONVERSION = YES;
				CLANG_WARN_INT_CONVERSION = YES;
				CLANG_WARN_OBJC_ROOT_CLASS = YES_ERROR;
				CLANG_WARN_UNREACHABLE_CODE = YES;
				CLANG_WARN__DUPLICATE_METHOD_MATCH = YES;
				"CODE_SIGN_IDENTITY[sdk=iphoneos*]" = "iPhone Developer";
				COPY_PHASE_STRIP = NO;
				DEBUG_INFORMATION_FORMAT = dwarf;
				ENABLE_STRICT_OBJC_MSGSEND = YES;
				ENABLE_TESTABILITY = YES;
				GCC_C_LANGUAGE_STANDARD = gnu99;
				GCC_DYNAMIC_NO_PIC = NO;
				GCC_NO_COMMON_BLOCKS = YES;
				GCC_OPTIMIZATION_LEVEL = 0;
				GCC_PREPROCESSOR_DEFINITIONS = (
					"DEBUG=1",
					"$(inherited)",
				);
				GCC_WARN_64_TO_32_BIT_CONVERSION = YES;
				GCC_WARN_ABOUT_RETURN_TYPE = YES_ERROR;
				GCC_WARN_UNDECLARED_SELECTOR = YES;
				GCC_WARN_UNINITIALIZED_AUTOS = YES_AGGRESSIVE;
				GCC_WARN_UNUSED_FUNCTION = YES;
				GCC_WARN_UNUSED_VARIABLE = YES;
				IPHONEOS_DEPLOYMENT_TARGET = 9.2;
				MTL_ENABLE_DEBUG_INFO = YES;
				ONLY_ACTIVE_ARCH = YES;
				SDKROOT = iphoneos;
				SWIFT_OPTIMIZATION_LEVEL = "-Onone";
				TARGETED_DEVICE_FAMILY = "1,2";
			};
			name = Debug;
		};
		F4361D4E1C5E9D7100A7CC26 /* Release */ = {
			isa = XCBuildConfiguration;
			buildSettings = {
				ALWAYS_SEARCH_USER_PATHS = NO;
				CLANG_CXX_LANGUAGE_STANDARD = "gnu++0x";
				CLANG_CXX_LIBRARY = "libc++";
				CLANG_ENABLE_MODULES = YES;
				CLANG_ENABLE_OBJC_ARC = YES;
				CLANG_WARN_BOOL_CONVERSION = YES;
				CLANG_WARN_CONSTANT_CONVERSION = YES;
				CLANG_WARN_DIRECT_OBJC_ISA_USAGE = YES_ERROR;
				CLANG_WARN_EMPTY_BODY = YES;
				CLANG_WARN_ENUM_CONVERSION = YES;
				CLANG_WARN_INT_CONVERSION = YES;
				CLANG_WARN_OBJC_ROOT_CLASS = YES_ERROR;
				CLANG_WARN_UNREACHABLE_CODE = YES;
				CLANG_WARN__DUPLICATE_METHOD_MATCH = YES;
				"CODE_SIGN_IDENTITY[sdk=iphoneos*]" = "iPhone Developer";
				COPY_PHASE_STRIP = NO;
				DEBUG_INFORMATION_FORMAT = "dwarf-with-dsym";
				ENABLE_NS_ASSERTIONS = NO;
				ENABLE_STRICT_OBJC_MSGSEND = YES;
				GCC_C_LANGUAGE_STANDARD = gnu99;
				GCC_NO_COMMON_BLOCKS = YES;
				GCC_WARN_64_TO_32_BIT_CONVERSION = YES;
				GCC_WARN_ABOUT_RETURN_TYPE = YES_ERROR;
				GCC_WARN_UNDECLARED_SELECTOR = YES;
				GCC_WARN_UNINITIALIZED_AUTOS = YES_AGGRESSIVE;
				GCC_WARN_UNUSED_FUNCTION = YES;
				GCC_WARN_UNUSED_VARIABLE = YES;
				IPHONEOS_DEPLOYMENT_TARGET = 9.2;
				MTL_ENABLE_DEBUG_INFO = NO;
				SDKROOT = iphoneos;
				TARGETED_DEVICE_FAMILY = "1,2";
				VALIDATE_PRODUCT = YES;
			};
			name = Release;
		};
		F4361D501C5E9D7100A7CC26 /* Debug */ = {
			isa = XCBuildConfiguration;
			buildSettings = {
				ASSETCATALOG_COMPILER_APPICON_NAME = AppIcon;
				INFOPLIST_FILE = MemeMe/Info.plist;
				LD_RUNPATH_SEARCH_PATHS = "$(inherited) @executable_path/Frameworks";
				PRODUCT_BUNDLE_IDENTIFIER = com.flashbolt.MemeMe;
				PRODUCT_NAME = "$(TARGET_NAME)";
			};
			name = Debug;
		};
		F4361D511C5E9D7100A7CC26 /* Release */ = {
			isa = XCBuildConfiguration;
			buildSettings = {
				ASSETCATALOG_COMPILER_APPICON_NAME = AppIcon;
				INFOPLIST_FILE = MemeMe/Info.plist;
				LD_RUNPATH_SEARCH_PATHS = "$(inherited) @executable_path/Frameworks";
				PRODUCT_BUNDLE_IDENTIFIER = com.flashbolt.MemeMe;
				PRODUCT_NAME = "$(TARGET_NAME)";
			};
			name = Release;
		};
/* End XCBuildConfiguration section */

/* Begin XCConfigurationList section */
		F4361D381C5E9D7100A7CC26 /* Build configuration list for PBXProject "MemeMe" */ = {
			isa = XCConfigurationList;
			buildConfigurations = (
				F4361D4D1C5E9D7100A7CC26 /* Debug */,
				F4361D4E1C5E9D7100A7CC26 /* Release */,
			);
			defaultConfigurationIsVisible = 0;
			defaultConfigurationName = Release;
		};
		F4361D4F1C5E9D7100A7CC26 /* Build configuration list for PBXNativeTarget "MemeMe" */ = {
			isa = XCConfigurationList;
			buildConfigurations = (
				F4361D501C5E9D7100A7CC26 /* Debug */,
				F4361D511C5E9D7100A7CC26 /* Release */,
			);
			defaultConfigurationIsVisible = 0;
			defaultConfigurationName = Release;
		};
/* End XCConfigurationList section */

/* Begin XCVersionGroup section */
		F416DDE01C60866F009A23ED /* myMemes.xcdatamodeld */ = {
			isa = XCVersionGroup;
			children = (
				F416DDE11C60866F009A23ED /* myMemes.xcdatamodel */,
			);
			currentVersion = F416DDE11C60866F009A23ED /* myMemes.xcdatamodel */;
			path = myMemes.xcdatamodeld;
			sourceTree = "<group>";
			versionGroupType = wrapper.xcdatamodel;
		};
/* End XCVersionGroup section */
	};
	rootObject = F4361D351C5E9D7100A7CC26 /* Project object */;
}
